
Microsoft Visual Studio Solution File, Format Version 12.00
# Visual Studio Version 17
VisualStudioVersion = 17.6.33801.468
MinimumVisualStudioVersion = 10.0.40219.1
Project("{F184B08F-C81C-45F6-A57F-5ABD9991F28F}") = "Tepresto", "Tepresto.vbproj", "{F2597FD7-5B97-4DAC-8A41-9CA42D994C7C}"
EndProject
Global
	GlobalSection(SolutionConfigurationPlatforms) = preSolution
		Debug|Any CPU = Debug|Any CPU
		Release|Any CPU = Release|Any CPU
	EndGlobalSection
	GlobalSection(ProjectConfigurationPlatforms) = postSolution
		{F2597FD7-5B97-4DAC-8A41-9CA42D994C7C}.Debug|Any CPU.ActiveCfg = Debug|Any CPU
		{F2597FD7-5B97-4DAC-8A41-9CA42D994C7C}.Debug|Any CPU.Build.0 = Debug|Any CPU
		{F2597FD7-5B97-4DAC-8A41-9CA42D994C7C}.Release|Any CPU.ActiveCfg = Release|Any CPU
		{F2597FD7-5B97-4DAC-8A41-9CA42D994C7C}.Release|Any CPU.Build.0 = Release|Any CPU
	EndGlobalSection
	GlobalSection(SolutionProperties) = preSolution
		HideSolutionNode = FALSE
	EndGlobalSection
	GlobalSection(ExtensibilityGlobals) = postSolution
		SolutionGuid = {B97700D2-0019-4B83-9917-746999676340}
	EndGlobalSection
EndGlobal
